gom 'github.com/go-sql-driver/mysql', :commit => '3dd7008ac1529aca1bcd8a9db75228a71ba23cac'
gom 'github.com/BurntSushi/toml', :commit => '056c9bc7be7190eaa7715723883caffa5f8fa3e4'
gom 'github.com/naoina/genmai', :commit => 'c00e6703a1503c09dca12048bf17961b13511c0f'
gom 'github.com/jinzhu/gorm', :commit => '19aacb8fbbc8b93f55a428d53839469a5828b890'
gom 'github.com/go-gorp/gorp', :commit => '75d359aa4da334f2ba7e8661c11c3371bf0025d9'
